
Microsoft Visual Studio Solution File, Format Version 12.00
# Visual Studio Version 16
VisualStudioVersion = 16.0.31205.134
MinimumVisualStudioVersion = 10.0.40219.1
Project("{9A19103F-16F7-4668-BE54-9A1E7A4F7556}") = "TicTacUnitTest", "TicTacUnitTest\TicTacUnitTest.csproj", "{1C3C4868-951E-4071-AD20-C417B17EFA82}"
EndProject
Project("{9A19103F-16F7-4668-BE54-9A1E7A4F7556}") = "TicTacToeLogic", "TicTacToeLogic\TicTacToeLogic.csproj", "{3C363229-B558-47D7-9AD2-1979DDC57B83}"
EndProject
Project("{9A19103F-16F7-4668-BE54-9A1E7A4F7556}") = "TicTacConsole", "TicTacConsole\TicTacConsole.csproj", "{21EC5625-1357-492C-B30B-267E808ECD55}"
EndProject
Global
	GlobalSection(SolutionConfigurationPlatforms) = preSolution
		Debug|Any CPU = Debug|Any CPU
		Release|Any CPU = Release|Any CPU
	EndGlobalSection
	GlobalSection(ProjectConfigurationPlatforms) = postSolution
		{1C3C4868-951E-4071-AD20-C417B17EFA82}.Debug|Any CPU.ActiveCfg = Debug|Any CPU
		{1C3C4868-951E-4071-AD20-C417B17EFA82}.Debug|Any CPU.Build.0 = Debug|Any CPU
		{1C3C4868-951E-4071-AD20-C417B17EFA82}.Release|Any CPU.ActiveCfg = Release|Any CPU
		{1C3C4868-951E-4071-AD20-C417B17EFA82}.Release|Any CPU.Build.0 = Release|Any CPU
		{3C363229-B558-47D7-9AD2-1979DDC57B83}.Debug|Any CPU.ActiveCfg = Debug|Any CPU
		{3C363229-B558-47D7-9AD2-1979DDC57B83}.Debug|Any CPU.Build.0 = Debug|Any CPU
		{3C363229-B558-47D7-9AD2-1979DDC57B83}.Release|Any CPU.ActiveCfg = Release|Any CPU
		{3C363229-B558-47D7-9AD2-1979DDC57B83}.Release|Any CPU.Build.0 = Release|Any CPU
		{21EC5625-1357-492C-B30B-267E808ECD55}.Debug|Any CPU.ActiveCfg = Debug|Any CPU
		{21EC5625-1357-492C-B30B-267E808ECD55}.Debug|Any CPU.Build.0 = Debug|Any CPU
		{21EC5625-1357-492C-B30B-267E808ECD55}.Release|Any CPU.ActiveCfg = Release|Any CPU
		{21EC5625-1357-492C-B30B-267E808ECD55}.Release|Any CPU.Build.0 = Release|Any CPU
	EndGlobalSection
	GlobalSection(SolutionProperties) = preSolution
		HideSolutionNode = FALSE
	EndGlobalSection
	GlobalSection(ExtensibilityGlobals) = postSolution
		SolutionGuid = {FE318274-E915-4435-9662-DC95A8C92162}
	EndGlobalSection
EndGlobal
